
Microsoft Visual Studio Solution File, Format Version 12.00
# Visual Studio Version 17
VisualStudioVersion = 17.7.34221.43
MinimumVisualStudioVersion = 10.0.40219.1
Project("{9A19103F-16F7-4668-BE54-9A1E7A4F7556}") = "Weather.Server", "Weather.Server\Weather.Server.csproj", "{4CD555CA-ED4B-48AB-B1D5-5FA97459B2E3}"
EndProject
Project("{9A19103F-16F7-4668-BE54-9A1E7A4F7556}") = "Weather.Console", "Weather.Console\Weather.Console.csproj", "{D77223D1-EFD5-40FE-9216-09CF44574786}"
EndProject
Project("{9A19103F-16F7-4668-BE54-9A1E7A4F7556}") = "Empty", "Empty\Empty.csproj", "{BE85C388-1E66-4182-B05B-A51A5FA21BAD}"
EndProject
Project("{2150E333-8FDC-42A3-9474-1A3956D46DE8}") = "Deep Dive", "Deep Dive", "{70682F63-10A2-4E1E-B645-0337E22C37FF}"
EndProject
Project("{2150E333-8FDC-42A3-9474-1A3956D46DE8}") = "Fundamentals", "Fundamentals", "{74D10A32-2458-4309-89DB-25C4EFD4ABF1}"
EndProject
Project("{2150E333-8FDC-42A3-9474-1A3956D46DE8}") = "Strategies", "Strategies", "{CF7FF65B-F8BA-4A74-9BFF-B7FD2848F9C6}"
EndProject
Project("{2150E333-8FDC-42A3-9474-1A3956D46DE8}") = "Http", "Http", "{E6438851-D150-4DFE-B105-03DC0D3251B3}"
EndProject
Project("{9A19103F-16F7-4668-BE54-9A1E7A4F7556}") = "1 Pipelines", "Pipelines\1 Pipelines.csproj", "{0D4519BA-E837-445D-A6A9-B3FFD8904C33}"
EndProject
Project("{9A19103F-16F7-4668-BE54-9A1E7A4F7556}") = "2 Builders", "Builders\2 Builders.csproj", "{87E7E687-998C-435E-AA8D-33CE4EBC87BA}"
EndProject
Project("{9A19103F-16F7-4668-BE54-9A1E7A4F7556}") = "3 Registry", "Registry\3 Registry.csproj", "{21B318D8-B2AE-429A-88D4-2E0F5867F663}"
EndProject
Project("{9A19103F-16F7-4668-BE54-9A1E7A4F7556}") = "4 Extensions", "Extensions\4 Extensions.csproj", "{4306642B-847D-4C08-BD34-6A69E0BF0299}"
EndProject
Project("{FAE04EC0-301F-11D3-BF4B-00C04F79EFBC}") = "5. Testing", "Testing\5. Testing.csproj", "{CE1D79ED-667C-4697-84BE-0BC45CE011BC}"
EndProject
Project("{9A19103F-16F7-4668-BE54-9A1E7A4F7556}") = "Weather.Console.Final", "Weather.Console.Final\Weather.Console.Final.csproj", "{DF65F948-5030-499F-8F85-EE739650F05B}"
EndProject
Global
	GlobalSection(SolutionConfigurationPlatforms) = preSolution
		Debug|Any CPU = Debug|Any CPU
		Release|Any CPU = Release|Any CPU
	EndGlobalSection
	GlobalSection(ProjectConfigurationPlatforms) = postSolution
		{4CD555CA-ED4B-48AB-B1D5-5FA97459B2E3}.Debug|Any CPU.ActiveCfg = Debug|Any CPU
		{4CD555CA-ED4B-48AB-B1D5-5FA97459B2E3}.Debug|Any CPU.Build.0 = Debug|Any CPU
		{4CD555CA-ED4B-48AB-B1D5-5FA97459B2E3}.Release|Any CPU.ActiveCfg = Release|Any CPU
		{4CD555CA-ED4B-48AB-B1D5-5FA97459B2E3}.Release|Any CPU.Build.0 = Release|Any CPU
		{D77223D1-EFD5-40FE-9216-09CF44574786}.Debug|Any CPU.ActiveCfg = Debug|Any CPU
		{D77223D1-EFD5-40FE-9216-09CF44574786}.Debug|Any CPU.Build.0 = Debug|Any CPU
		{D77223D1-EFD5-40FE-9216-09CF44574786}.Release|Any CPU.ActiveCfg = Release|Any CPU
		{D77223D1-EFD5-40FE-9216-09CF44574786}.Release|Any CPU.Build.0 = Release|Any CPU
		{BE85C388-1E66-4182-B05B-A51A5FA21BAD}.Debug|Any CPU.ActiveCfg = Debug|Any CPU
		{BE85C388-1E66-4182-B05B-A51A5FA21BAD}.Debug|Any CPU.Build.0 = Debug|Any CPU
		{BE85C388-1E66-4182-B05B-A51A5FA21BAD}.Release|Any CPU.ActiveCfg = Release|Any CPU
		{BE85C388-1E66-4182-B05B-A51A5FA21BAD}.Release|Any CPU.Build.0 = Release|Any CPU
		{0D4519BA-E837-445D-A6A9-B3FFD8904C33}.Debug|Any CPU.ActiveCfg = Debug|Any CPU
		{0D4519BA-E837-445D-A6A9-B3FFD8904C33}.Debug|Any CPU.Build.0 = Debug|Any CPU
		{0D4519BA-E837-445D-A6A9-B3FFD8904C33}.Release|Any CPU.ActiveCfg = Release|Any CPU
		{0D4519BA-E837-445D-A6A9-B3FFD8904C33}.Release|Any CPU.Build.0 = Release|Any CPU
		{87E7E687-998C-435E-AA8D-33CE4EBC87BA}.Debug|Any CPU.ActiveCfg = Debug|Any CPU
		{87E7E687-998C-435E-AA8D-33CE4EBC87BA}.Debug|Any CPU.Build.0 = Debug|Any CPU
		{87E7E687-998C-435E-AA8D-33CE4EBC87BA}.Release|Any CPU.ActiveCfg = Release|Any CPU
		{87E7E687-998C-435E-AA8D-33CE4EBC87BA}.Release|Any CPU.Build.0 = Release|Any CPU
		{21B318D8-B2AE-429A-88D4-2E0F5867F663}.Debug|Any CPU.ActiveCfg = Debug|Any CPU
		{21B318D8-B2AE-429A-88D4-2E0F5867F663}.Debug|Any CPU.Build.0 = Debug|Any CPU
		{21B318D8-B2AE-429A-88D4-2E0F5867F663}.Release|Any CPU.ActiveCfg = Release|Any CPU
		{21B318D8-B2AE-429A-88D4-2E0F5867F663}.Release|Any CPU.Build.0 = Release|Any CPU
		{4306642B-847D-4C08-BD34-6A69E0BF0299}.Debug|Any CPU.ActiveCfg = Debug|Any CPU
		{4306642B-847D-4C08-BD34-6A69E0BF0299}.Debug|Any CPU.Build.0 = Debug|Any CPU
		{4306642B-847D-4C08-BD34-6A69E0BF0299}.Release|Any CPU.ActiveCfg = Release|Any CPU
		{4306642B-847D-4C08-BD34-6A69E0BF0299}.Release|Any CPU.Build.0 = Release|Any CPU
		{CE1D79ED-667C-4697-84BE-0BC45CE011BC}.Debug|Any CPU.ActiveCfg = Debug|Any CPU
		{CE1D79ED-667C-4697-84BE-0BC45CE011BC}.Debug|Any CPU.Build.0 = Debug|Any CPU
		{CE1D79ED-667C-4697-84BE-0BC45CE011BC}.Release|Any CPU.ActiveCfg = Release|Any CPU
		{CE1D79ED-667C-4697-84BE-0BC45CE011BC}.Release|Any CPU.Build.0 = Release|Any CPU
		{DF65F948-5030-499F-8F85-EE739650F05B}.Debug|Any CPU.ActiveCfg = Debug|Any CPU
		{DF65F948-5030-499F-8F85-EE739650F05B}.Debug|Any CPU.Build.0 = Debug|Any CPU
		{DF65F948-5030-499F-8F85-EE739650F05B}.Release|Any CPU.ActiveCfg = Release|Any CPU
		{DF65F948-5030-499F-8F85-EE739650F05B}.Release|Any CPU.Build.0 = Release|Any CPU
	EndGlobalSection
	GlobalSection(SolutionProperties) = preSolution
		HideSolutionNode = FALSE
	EndGlobalSection
	GlobalSection(NestedProjects) = preSolution
		{BE85C388-1E66-4182-B05B-A51A5FA21BAD} = {70682F63-10A2-4E1E-B645-0337E22C37FF}
		{74D10A32-2458-4309-89DB-25C4EFD4ABF1} = {70682F63-10A2-4E1E-B645-0337E22C37FF}
		{CF7FF65B-F8BA-4A74-9BFF-B7FD2848F9C6} = {70682F63-10A2-4E1E-B645-0337E22C37FF}
		{E6438851-D150-4DFE-B105-03DC0D3251B3} = {70682F63-10A2-4E1E-B645-0337E22C37FF}
		{0D4519BA-E837-445D-A6A9-B3FFD8904C33} = {74D10A32-2458-4309-89DB-25C4EFD4ABF1}
		{87E7E687-998C-435E-AA8D-33CE4EBC87BA} = {74D10A32-2458-4309-89DB-25C4EFD4ABF1}
		{21B318D8-B2AE-429A-88D4-2E0F5867F663} = {74D10A32-2458-4309-89DB-25C4EFD4ABF1}
		{4306642B-847D-4C08-BD34-6A69E0BF0299} = {74D10A32-2458-4309-89DB-25C4EFD4ABF1}
		{CE1D79ED-667C-4697-84BE-0BC45CE011BC} = {74D10A32-2458-4309-89DB-25C4EFD4ABF1}
	EndGlobalSection
	GlobalSection(ExtensibilityGlobals) = postSolution
		SolutionGuid = {472A8592-4AAB-415A-AF10-717C3D441425}
	EndGlobalSection
EndGlobal
