
Microsoft Visual Studio Solution File, Format Version 12.00
# Visual Studio Version 17
VisualStudioVersion = 17.7.34221.43
MinimumVisualStudioVersion = 10.0.40219.1
Project("{9A19103F-16F7-4668-BE54-9A1E7A4F7556}") = "Weather.Server", "Weather.Server\Weather.Server.csproj", "{4CD555CA-ED4B-48AB-B1D5-5FA97459B2E3}"
EndProject
Project("{9A19103F-16F7-4668-BE54-9A1E7A4F7556}") = "Weather.Console", "Weather.Console\Weather.Console.csproj", "{D77223D1-EFD5-40FE-9216-09CF44574786}"
EndProject
Global
	GlobalSection(SolutionConfigurationPlatforms) = preSolution
		Debug|Any CPU = Debug|Any CPU
		Release|Any CPU = Release|Any CPU
	EndGlobalSection
	GlobalSection(ProjectConfigurationPlatforms) = postSolution
		{4CD555CA-ED4B-48AB-B1D5-5FA97459B2E3}.Debug|Any CPU.ActiveCfg = Debug|Any CPU
		{4CD555CA-ED4B-48AB-B1D5-5FA97459B2E3}.Debug|Any CPU.Build.0 = Debug|Any CPU
		{4CD555CA-ED4B-48AB-B1D5-5FA97459B2E3}.Release|Any CPU.ActiveCfg = Release|Any CPU
		{4CD555CA-ED4B-48AB-B1D5-5FA97459B2E3}.Release|Any CPU.Build.0 = Release|Any CPU
		{D77223D1-EFD5-40FE-9216-09CF44574786}.Debug|Any CPU.ActiveCfg = Debug|Any CPU
		{D77223D1-EFD5-40FE-9216-09CF44574786}.Debug|Any CPU.Build.0 = Debug|Any CPU
		{D77223D1-EFD5-40FE-9216-09CF44574786}.Release|Any CPU.ActiveCfg = Release|Any CPU
		{D77223D1-EFD5-40FE-9216-09CF44574786}.Release|Any CPU.Build.0 = Release|Any CPU
	EndGlobalSection
	GlobalSection(SolutionProperties) = preSolution
		HideSolutionNode = FALSE
	EndGlobalSection
	GlobalSection(ExtensibilityGlobals) = postSolution
		SolutionGuid = {472A8592-4AAB-415A-AF10-717C3D441425}
	EndGlobalSection
EndGlobal
